// !$*UTF8*$!
{
	archiveVersion = 1;
	classes = {
	};
	objectVersion = 55;
	objects = {

/* Begin PBXBuildFile section */
		22B4454F8A41FF5159FF9A5C /* Pods_Instagram_InstagramUITests.framework in Frameworks */ = {isa = PBXBuildFile; fileRef = 4AA142A8A868BBECD11DCBFC /* Pods_Instagram_InstagramUITests.framework */; };
		3FBC365BA305E5E0F1BC1D67 /* Pods_InstagramTests.framework in Frameworks */ = {isa = PBXBuildFile; fileRef = 42F53784B8BA50255DA58279 /* Pods_InstagramTests.framework */; };
		3FC1F71D2877CA7E0062D27C /* AppDelegate.swift in Sources */ = {isa = PBXBuildFile; fileRef = 3FC1F71C2877CA7E0062D27C /* AppDelegate.swift */; };
		3FC1F71F2877CA7E0062D27C /* SceneDelegate.swift in Sources */ = {isa = PBXBuildFile; fileRef = 3FC1F71E2877CA7E0062D27C /* SceneDelegate.swift */; };
		3FC1F7242877CA7E0062D27C /* Main.storyboard in Resources */ = {isa = PBXBuildFile; fileRef = 3FC1F7222877CA7E0062D27C /* Main.storyboard */; };
		3FC1F7262877CA800062D27C /* Assets.xcassets in Resources */ = {isa = PBXBuildFile; fileRef = 3FC1F7252877CA800062D27C /* Assets.xcassets */; };
		3FC1F7292877CA800062D27C /* LaunchScreen.storyboard in Resources */ = {isa = PBXBuildFile; fileRef = 3FC1F7272877CA800062D27C /* LaunchScreen.storyboard */; };
		3FC1F7342877CA800062D27C /* InstagramTests.swift in Sources */ = {isa = PBXBuildFile; fileRef = 3FC1F7332877CA800062D27C /* InstagramTests.swift */; };
		3FC1F73E2877CA800062D27C /* InstagramUITests.swift in Sources */ = {isa = PBXBuildFile; fileRef = 3FC1F73D2877CA800062D27C /* InstagramUITests.swift */; };
		3FC1F7402877CA800062D27C /* InstagramUITestsLaunchTests.swift in Sources */ = {isa = PBXBuildFile; fileRef = 3FC1F73F2877CA800062D27C /* InstagramUITestsLaunchTests.swift */; };
		3FC1F74D2877CC270062D27C /* LoginViewController.swift in Sources */ = {isa = PBXBuildFile; fileRef = 3FC1F74C2877CC270062D27C /* LoginViewController.swift */; };
		3FC1F74F2877CC380062D27C /* FeedViewController.swift in Sources */ = {isa = PBXBuildFile; fileRef = 3FC1F74E2877CC380062D27C /* FeedViewController.swift */; };
		3FC1F7512878585E0062D27C /* CameraViewController.swift in Sources */ = {isa = PBXBuildFile; fileRef = 3FC1F7502878585E0062D27C /* CameraViewController.swift */; };
		3FC1F755287861110062D27C /* PostCell.swift in Sources */ = {isa = PBXBuildFile; fileRef = 3FC1F754287861110062D27C /* PostCell.swift */; };
		3FC1F75728787C0D0062D27C /* CommentCell.swift in Sources */ = {isa = PBXBuildFile; fileRef = 3FC1F75628787C0D0062D27C /* CommentCell.swift */; };
		8977FC76DA750F170C22C019 /* Pods_Instagram.framework in Frameworks */ = {isa = PBXBuildFile; fileRef = DBFA32C8D043B3EA4883B216 /* Pods_Instagram.framework */; };
/* End PBXBuildFile section */

/* Begin PBXContainerItemProxy section */
		3FC1F7302877CA800062D27C /* PBXContainerItemProxy */ = {
			isa = PBXContainerItemProxy;
			containerPortal = 3FC1F7112877CA7E0062D27C /* Project object */;
			proxyType = 1;
			remoteGlobalIDString = 3FC1F7182877CA7E0062D27C;
			remoteInfo = Instagram;
		};
		3FC1F73A2877CA800062D27C /* PBXContainerItemProxy */ = {
			isa = PBXContainerItemProxy;
			containerPortal = 3FC1F7112877CA7E0062D27C /* Project object */;
			proxyType = 1;
			remoteGlobalIDString = 3FC1F7182877CA7E0062D27C;
			remoteInfo = Instagram;
		};
/* End PBXContainerItemProxy section */

/* Begin PBXFileReference section */
		21AC51EAF5EEE78C141E5393 /* Pods-Instagram-InstagramUITests.release.xcconfig */ = {isa = PBXFileReference; includeInIndex = 1; lastKnownFileType = text.xcconfig; name = "Pods-Instagram-InstagramUITests.release.xcconfig"; path = "Target Support Files/Pods-Instagram-InstagramUITests/Pods-Instagram-InstagramUITests.release.xcconfig"; sourceTree = "<group>"; };
		270FCCA9A52829126E4A8324 /* Pods-Instagram.debug.xcconfig */ = {isa = PBXFileReference; includeInIndex = 1; lastKnownFileType = text.xcconfig; name = "Pods-Instagram.debug.xcconfig"; path = "Target Support Files/Pods-Instagram/Pods-Instagram.debug.xcconfig"; sourceTree = "<group>"; };
		3FC1F7192877CA7E0062D27C /* Instagram.app */ = {isa = PBXFileReference; explicitFileType = wrapper.application; includeInIndex = 0; path = Instagram.app; sourceTree = BUILT_PRODUCTS_DIR; };
		3FC1F71C2877CA7E0062D27C /* AppDelegate.swift */ = {isa = PBXFileReference; lastKnownFileType = sourcecode.swift; path = AppDelegate.swift; sourceTree = "<group>"; };
		3FC1F71E2877CA7E0062D27C /* SceneDelegate.swift */ = {isa = PBXFileReference; lastKnownFileType = sourcecode.swift; path = SceneDelegate.swift; sourceTree = "<group>"; };
		3FC1F7232877CA7E0062D27C /* Base */ = {isa = PBXFileReference; lastKnownFileType = file.storyboard; name = Base; path = Base.lproj/Main.storyboard; sourceTree = "<group>"; };
		3FC1F7252877CA800062D27C /* Assets.xcassets */ = {isa = PBXFileReference; lastKnownFileType = folder.assetcatalog; path = Assets.xcassets; sourceTree = "<group>"; };
		3FC1F7282877CA800062D27C /* Base */ = {isa = PBXFileReference; lastKnownFileType = file.storyboard; name = Base; path = Base.lproj/LaunchScreen.storyboard; sourceTree = "<group>"; };
		3FC1F72A2877CA800062D27C /* Info.plist */ = {isa = PBXFileReference; lastKnownFileType = text.plist.xml; path = Info.plist; sourceTree = "<group>"; };
		3FC1F72F2877CA800062D27C /* InstagramTests.xctest */ = {isa = PBXFileReference; explicitFileType = wrapper.cfbundle; includeInIndex = 0; path = InstagramTests.xctest; sourceTree = BUILT_PRODUCTS_DIR; };
		3FC1F7332877CA800062D27C /* InstagramTests.swift */ = {isa = PBXFileReference; lastKnownFileType = sourcecode.swift; path = InstagramTests.swift; sourceTree = "<group>"; };
		3FC1F7392877CA800062D27C /* InstagramUITests.xctest */ = {isa = PBXFileReference; explicitFileType = wrapper.cfbundle; includeInIndex = 0; path = InstagramUITests.xctest; sourceTree = BUILT_PRODUCTS_DIR; };
		3FC1F73D2877CA800062D27C /* InstagramUITests.swift */ = {isa = PBXFileReference; lastKnownFileType = sourcecode.swift; path = InstagramUITests.swift; sourceTree = "<group>"; };
		3FC1F73F2877CA800062D27C /* InstagramUITestsLaunchTests.swift */ = {isa = PBXFileReference; lastKnownFileType = sourcecode.swift; path = InstagramUITestsLaunchTests.swift; sourceTree = "<group>"; };
		3FC1F74C2877CC270062D27C /* LoginViewController.swift */ = {isa = PBXFileReference; lastKnownFileType = sourcecode.swift; path = LoginViewController.swift; sourceTree = "<group>"; };
		3FC1F74E2877CC380062D27C /* FeedViewController.swift */ = {isa = PBXFileReference; lastKnownFileType = sourcecode.swift; path = FeedViewController.swift; sourceTree = "<group>"; };
		3FC1F7502878585E0062D27C /* CameraViewController.swift */ = {isa = PBXFileReference; lastKnownFileType = sourcecode.swift; path = CameraViewController.swift; sourceTree = "<group>"; };
		3FC1F754287861110062D27C /* PostCell.swift */ = {isa = PBXFileReference; lastKnownFileType = sourcecode.swift; path = PostCell.swift; sourceTree = "<group>"; };
		3FC1F75628787C0D0062D27C /* CommentCell.swift */ = {isa = PBXFileReference; lastKnownFileType = sourcecode.swift; path = CommentCell.swift; sourceTree = "<group>"; };
		42F53784B8BA50255DA58279 /* Pods_InstagramTests.framework */ = {isa = PBXFileReference; explicitFileType = wrapper.framework; includeInIndex = 0; path = Pods_InstagramTests.framework; sourceTree = BUILT_PRODUCTS_DIR; };
		4AA142A8A868BBECD11DCBFC /* Pods_Instagram_InstagramUITests.framework */ = {isa = PBXFileReference; explicitFileType = wrapper.framework; includeInIndex = 0; path = Pods_Instagram_InstagramUITests.framework; sourceTree = BUILT_PRODUCTS_DIR; };
		9886876119ECF158C6718A73 /* Pods-InstagramTests.release.xcconfig */ = {isa = PBXFileReference; includeInIndex = 1; lastKnownFileType = text.xcconfig; name = "Pods-InstagramTests.release.xcconfig"; path = "Target Support Files/Pods-InstagramTests/Pods-InstagramTests.release.xcconfig"; sourceTree = "<group>"; };
		A0DA57C1DB5AE98F1F9B08B4 /* Pods-Instagram-InstagramUITests.debug.xcconfig */ = {isa = PBXFileReference; includeInIndex = 1; lastKnownFileType = text.xcconfig; name = "Pods-Instagram-InstagramUITests.debug.xcconfig"; path = "Target Support Files/Pods-Instagram-InstagramUITests/Pods-Instagram-InstagramUITests.debug.xcconfig"; sourceTree = "<group>"; };
		D0E5CBD48892347FF48A58C2 /* Pods-Instagram.release.xcconfig */ = {isa = PBXFileReference; includeInIndex = 1; lastKnownFileType = text.xcconfig; name = "Pods-Instagram.release.xcconfig"; path = "Target Support Files/Pods-Instagram/Pods-Instagram.release.xcconfig"; sourceTree = "<group>"; };
		DBFA32C8D043B3EA4883B216 /* Pods_Instagram.framework */ = {isa = PBXFileReference; explicitFileType = wrapper.framework; includeInIndex = 0; path = Pods_Instagram.framework; sourceTree = BUILT_PRODUCTS_DIR; };
		E23B3863087B8E1EDC8B7327 /* Pods-InstagramTests.debug.xcconfig */ = {isa = PBXFileReference; includeInIndex = 1; lastKnownFileType = text.xcconfig; name = "Pods-InstagramTests.debug.xcconfig"; path = "Target Support Files/Pods-InstagramTests/Pods-InstagramTests.debug.xcconfig"; sourceTree = "<group>"; };
/* End PBXFileReference section */

/* Begin PBXFrameworksBuildPhase section */
		3FC1F7162877CA7E0062D27C /* Frameworks */ = {
			isa = PBXFrameworksBuildPhase;
			buildActionMask = 2147483647;
			files = (
				8977FC76DA750F170C22C019 /* Pods_Instagram.framework in Frameworks */,
			);
			runOnlyForDeploymentPostprocessing = 0;
		};
		3FC1F72C2877CA800062D27C /* Frameworks */ = {
			isa = PBXFrameworksBuildPhase;
			buildActionMask = 2147483647;
			files = (
				3FBC365BA305E5E0F1BC1D67 /* Pods_InstagramTests.framework in Frameworks */,
			);
			runOnlyForDeploymentPostprocessing = 0;
		};
		3FC1F7362877CA800062D27C /* Frameworks */ = {
			isa = PBXFrameworksBuildPhase;
			buildActionMask = 2147483647;
			files = (
				22B4454F8A41FF5159FF9A5C /* Pods_Instagram_InstagramUITests.framework in Frameworks */,
			);
			runOnlyForDeploymentPostprocessing = 0;
		};
/* End PBXFrameworksBuildPhase section */

/* Begin PBXGroup section */
		2FF185D8ADDADD8A618AC8A7 /* Pods */ = {
			isa = PBXGroup;
			children = (
				270FCCA9A52829126E4A8324 /* Pods-Instagram.debug.xcconfig */,
				D0E5CBD48892347FF48A58C2 /* Pods-Instagram.release.xcconfig */,
				A0DA57C1DB5AE98F1F9B08B4 /* Pods-Instagram-InstagramUITests.debug.xcconfig */,
				21AC51EAF5EEE78C141E5393 /* Pods-Instagram-InstagramUITests.release.xcconfig */,
				E23B3863087B8E1EDC8B7327 /* Pods-InstagramTests.debug.xcconfig */,
				9886876119ECF158C6718A73 /* Pods-InstagramTests.release.xcconfig */,
			);
			path = Pods;
			sourceTree = "<group>";
		};
		3FC1F7102877CA7E0062D27C = {
			isa = PBXGroup;
			children = (
				3FC1F71B2877CA7E0062D27C /* Instagram */,
				3FC1F7322877CA800062D27C /* InstagramTests */,
				3FC1F73C2877CA800062D27C /* InstagramUITests */,
				3FC1F71A2877CA7E0062D27C /* Products */,
				2FF185D8ADDADD8A618AC8A7 /* Pods */,
				9DA677DDA5605A3DE05F6EAF /* Frameworks */,
			);
			sourceTree = "<group>";
		};
		3FC1F71A2877CA7E0062D27C /* Products */ = {
			isa = PBXGroup;
			children = (
				3FC1F7192877CA7E0062D27C /* Instagram.app */,
				3FC1F72F2877CA800062D27C /* InstagramTests.xctest */,
				3FC1F7392877CA800062D27C /* InstagramUITests.xctest */,
			);
			name = Products;
			sourceTree = "<group>";
		};
		3FC1F71B2877CA7E0062D27C /* Instagram */ = {
			isa = PBXGroup;
			children = (
				3FC1F71C2877CA7E0062D27C /* AppDelegate.swift */,
				3FC1F71E2877CA7E0062D27C /* SceneDelegate.swift */,
				3FC1F7222877CA7E0062D27C /* Main.storyboard */,
				3FC1F7252877CA800062D27C /* Assets.xcassets */,
				3FC1F7272877CA800062D27C /* LaunchScreen.storyboard */,
				3FC1F72A2877CA800062D27C /* Info.plist */,
				3FC1F74C2877CC270062D27C /* LoginViewController.swift */,
				3FC1F74E2877CC380062D27C /* FeedViewController.swift */,
				3FC1F7502878585E0062D27C /* CameraViewController.swift */,
				3FC1F754287861110062D27C /* PostCell.swift */,
				3FC1F75628787C0D0062D27C /* CommentCell.swift */,
			);
			path = Instagram;
			sourceTree = "<group>";
		};
		3FC1F7322877CA800062D27C /* InstagramTests */ = {
			isa = PBXGroup;
			children = (
				3FC1F7332877CA800062D27C /* InstagramTests.swift */,
			);
			path = InstagramTests;
			sourceTree = "<group>";
		};
		3FC1F73C2877CA800062D27C /* InstagramUITests */ = {
			isa = PBXGroup;
			children = (
				3FC1F73D2877CA800062D27C /* InstagramUITests.swift */,
				3FC1F73F2877CA800062D27C /* InstagramUITestsLaunchTests.swift */,
			);
			path = InstagramUITests;
			sourceTree = "<group>";
		};
		9DA677DDA5605A3DE05F6EAF /* Frameworks */ = {
			isa = PBXGroup;
			children = (
				DBFA32C8D043B3EA4883B216 /* Pods_Instagram.framework */,
				4AA142A8A868BBECD11DCBFC /* Pods_Instagram_InstagramUITests.framework */,
				42F53784B8BA50255DA58279 /* Pods_InstagramTests.framework */,
			);
			name = Frameworks;
			sourceTree = "<group>";
		};
/* End PBXGroup section */

/* Begin PBXNativeTarget section */
		3FC1F7182877CA7E0062D27C /* Instagram */ = {
			isa = PBXNativeTarget;
			buildConfigurationList = 3FC1F7432877CA800062D27C /* Build configuration list for PBXNativeTarget "Instagram" */;
			buildPhases = (
				D1F8A1C553BB5A0176797AFF /* [CP] Check Pods Manifest.lock */,
				3FC1F7152877CA7E0062D27C /* Sources */,
				3FC1F7162877CA7E0062D27C /* Frameworks */,
				3FC1F7172877CA7E0062D27C /* Resources */,
				AE313D8DF11B2970348B9A4D /* [CP] Embed Pods Frameworks */,
			);
			buildRules = (
			);
			dependencies = (
			);
			name = Instagram;
			productName = Instagram;
			productReference = 3FC1F7192877CA7E0062D27C /* Instagram.app */;
			productType = "com.apple.product-type.application";
		};
		3FC1F72E2877CA800062D27C /* InstagramTests */ = {
			isa = PBXNativeTarget;
			buildConfigurationList = 3FC1F7462877CA800062D27C /* Build configuration list for PBXNativeTarget "InstagramTests" */;
			buildPhases = (
				2EE7FA18CAAD780242B8382D /* [CP] Check Pods Manifest.lock */,
				3FC1F72B2877CA800062D27C /* Sources */,
				3FC1F72C2877CA800062D27C /* Frameworks */,
				3FC1F72D2877CA800062D27C /* Resources */,
			);
			buildRules = (
			);
			dependencies = (
				3FC1F7312877CA800062D27C /* PBXTargetDependency */,
			);
			name = InstagramTests;
			productName = InstagramTests;
			productReference = 3FC1F72F2877CA800062D27C /* InstagramTests.xctest */;
			productType = "com.apple.product-type.bundle.unit-test";
		};
		3FC1F7382877CA800062D27C /* InstagramUITests */ = {
			isa = PBXNativeTarget;
			buildConfigurationList = 3FC1F7492877CA800062D27C /* Build configuration list for PBXNativeTarget "InstagramUITests" */;
			buildPhases = (
				0271207C4DB3433CBF8A5233 /* [CP] Check Pods Manifest.lock */,
				3FC1F7352877CA800062D27C /* Sources */,
				3FC1F7362877CA800062D27C /* Frameworks */,
				3FC1F7372877CA800062D27C /* Resources */,
				C0FCD7BD392C192A84DC47B4 /* [CP] Embed Pods Frameworks */,
			);
			buildRules = (
			);
			dependencies = (
				3FC1F73B2877CA800062D27C /* PBXTargetDependency */,
			);
			name = InstagramUITests;
			productName = InstagramUITests;
			productReference = 3FC1F7392877CA800062D27C /* InstagramUITests.xctest */;
			productType = "com.apple.product-type.bundle.ui-testing";
		};
/* End PBXNativeTarget section */

/* Begin PBXProject section */
		3FC1F7112877CA7E0062D27C /* Project object */ = {
			isa = PBXProject;
			attributes = {
				BuildIndependentTargetsInParallel = 1;
				LastSwiftUpdateCheck = 1320;
				LastUpgradeCheck = 1320;
				TargetAttributes = {
					3FC1F7182877CA7E0062D27C = {
						CreatedOnToolsVersion = 13.2.1;
					};
					3FC1F72E2877CA800062D27C = {
						CreatedOnToolsVersion = 13.2.1;
						TestTargetID = 3FC1F7182877CA7E0062D27C;
					};
					3FC1F7382877CA800062D27C = {
						CreatedOnToolsVersion = 13.2.1;
						TestTargetID = 3FC1F7182877CA7E0062D27C;
					};
				};
			};
			buildConfigurationList = 3FC1F7142877CA7E0062D27C /* Build configuration list for PBXProject "Instagram" */;
			compatibilityVersion = "Xcode 13.0";
			developmentRegion = en;
			hasScannedForEncodings = 0;
			knownRegions = (
				en,
				Base,
			);
			mainGroup = 3FC1F7102877CA7E0062D27C;
			productRefGroup = 3FC1F71A2877CA7E0062D27C /* Products */;
			projectDirPath = "";
			projectRoot = "";
			targets = (
				3FC1F7182877CA7E0062D27C /* Instagram */,
				3FC1F72E2877CA800062D27C /* InstagramTests */,
				3FC1F7382877CA800062D27C /* InstagramUITests */,
			);
		};
/* End PBXProject section */

/* Begin PBXResourcesBuildPhase section */
		3FC1F7172877CA7E0062D27C /* Resources */ = {
			isa = PBXResourcesBuildPhase;
			buildActionMask = 2147483647;
			files = (
				3FC1F7292877CA800062D27C /* LaunchScreen.storyboard in Resources */,
				3FC1F7262877CA800062D27C /* Assets.xcassets in Resources */,
				3FC1F7242877CA7E0062D27C /* Main.storyboard in Resources */,
			);
			runOnlyForDeploymentPostprocessing = 0;
		};
		3FC1F72D2877CA800062D27C /* Resources */ = {
			isa = PBXResourcesBuildPhase;
			buildActionMask = 2147483647;
			files = (
			);
			runOnlyForDeploymentPostprocessing = 0;
		};
		3FC1F7372877CA800062D27C /* Resources */ = {
			isa = PBXResourcesBuildPhase;
			buildActionMask = 2147483647;
			files = (
			);
			runOnlyForDeploymentPostprocessing = 0;
		};
/* End PBXResourcesBuildPhase section */

/* Begin PBXShellScriptBuildPhase section */
		0271207C4DB3433CBF8A5233 /* [CP] Check Pods Manifest.lock */ = {
			isa = PBXShellScriptBuildPhase;
			buildActionMask = 2147483647;
			files = (
			);
			inputFileListPaths = (
			);
			inputPaths = (
				"${PODS_PODFILE_DIR_PATH}/Podfile.lock",
				"${PODS_ROOT}/Manifest.lock",
			);
			name = "[CP] Check Pods Manifest.lock";
			outputFileListPaths = (
			);
			outputPaths = (
				"$(DERIVED_FILE_DIR)/Pods-Instagram-InstagramUITests-checkManifestLockResult.txt",
			);
			runOnlyForDeploymentPostprocessing = 0;
			shellPath = /bin/sh;
			shellScript = "diff \"${PODS_PODFILE_DIR_PATH}/Podfile.lock\" \"${PODS_ROOT}/Manifest.lock\" > /dev/null\nif [ $? != 0 ] ; then\n    # print error to STDERR\n    echo \"error: The sandbox is not in sync with the Podfile.lock. Run 'pod install' or update your CocoaPods installation.\" >&2\n    exit 1\nfi\n# This output is used by Xcode 'outputs' to avoid re-running this script phase.\necho \"SUCCESS\" > \"${SCRIPT_OUTPUT_FILE_0}\"\n";
			showEnvVarsInLog = 0;
		};
		2EE7FA18CAAD780242B8382D /* [CP] Check Pods Manifest.lock */ = {
			isa = PBXShellScriptBuildPhase;
			buildActionMask = 2147483647;
			files = (
			);
			inputFileListPaths = (
			);
			inputPaths = (
				"${PODS_PODFILE_DIR_PATH}/Podfile.lock",
				"${PODS_ROOT}/Manifest.lock",
			);
			name = "[CP] Check Pods Manifest.lock";
			outputFileListPaths = (
			);
			outputPaths = (
				"$(DERIVED_FILE_DIR)/Pods-InstagramTests-checkManifestLockResult.txt",
			);
			runOnlyForDeploymentPostprocessing = 0;
			shellPath = /bin/sh;
			shellScript = "diff \"${PODS_PODFILE_DIR_PATH}/Podfile.lock\" \"${PODS_ROOT}/Manifest.lock\" > /dev/null\nif [ $? != 0 ] ; then\n    # print error to STDERR\n    echo \"error: The sandbox is not in sync with the Podfile.lock. Run 'pod install' or update your CocoaPods installation.\" >&2\n    exit 1\nfi\n# This output is used by Xcode 'outputs' to avoid re-running this script phase.\necho \"SUCCESS\" > \"${SCRIPT_OUTPUT_FILE_0}\"\n";
			showEnvVarsInLog = 0;
		};
		AE313D8DF11B2970348B9A4D /* [CP] Embed Pods Frameworks */ = {
			isa = PBXShellScriptBuildPhase;
			buildActionMask = 2147483647;
			files = (
			);
			inputFileListPaths = (
				"${PODS_ROOT}/Target Support Files/Pods-Instagram/Pods-Instagram-frameworks-${CONFIGURATION}-input-files.xcfilelist",
			);
			name = "[CP] Embed Pods Frameworks";
			outputFileListPaths = (
				"${PODS_ROOT}/Target Support Files/Pods-Instagram/Pods-Instagram-frameworks-${CONFIGURATION}-output-files.xcfilelist",
			);
			runOnlyForDeploymentPostprocessing = 0;
			shellPath = /bin/sh;
			shellScript = "\"${PODS_ROOT}/Target Support Files/Pods-Instagram/Pods-Instagram-frameworks.sh\"\n";
			showEnvVarsInLog = 0;
		};
		C0FCD7BD392C192A84DC47B4 /* [CP] Embed Pods Frameworks */ = {
			isa = PBXShellScriptBuildPhase;
			buildActionMask = 2147483647;
			files = (
			);
			inputFileListPaths = (
				"${PODS_ROOT}/Target Support Files/Pods-Instagram-InstagramUITests/Pods-Instagram-InstagramUITests-frameworks-${CONFIGURATION}-input-files.xcfilelist",
			);
			name = "[CP] Embed Pods Frameworks";
			outputFileListPaths = (
				"${PODS_ROOT}/Target Support Files/Pods-Instagram-InstagramUITests/Pods-Instagram-InstagramUITests-frameworks-${CONFIGURATION}-output-files.xcfilelist",
			);
			runOnlyForDeploymentPostprocessing = 0;
			shellPath = /bin/sh;
			shellScript = "\"${PODS_ROOT}/Target Support Files/Pods-Instagram-InstagramUITests/Pods-Instagram-InstagramUITests-frameworks.sh\"\n";
			showEnvVarsInLog = 0;
		};
		D1F8A1C553BB5A0176797AFF /* [CP] Check Pods Manifest.lock */ = {
			isa = PBXShellScriptBuildPhase;
			buildActionMask = 2147483647;
			files = (
			);
			inputFileListPaths = (
			);
			inputPaths = (
				"${PODS_PODFILE_DIR_PATH}/Podfile.lock",
				"${PODS_ROOT}/Manifest.lock",
			);
			name = "[CP] Check Pods Manifest.lock";
			outputFileListPaths = (
			);
			outputPaths = (
				"$(DERIVED_FILE_DIR)/Pods-Instagram-checkManifestLockResult.txt",
			);
			runOnlyForDeploymentPostprocessing = 0;
			shellPath = /bin/sh;
			shellScript = "diff \"${PODS_PODFILE_DIR_PATH}/Podfile.lock\" \"${PODS_ROOT}/Manifest.lock\" > /dev/null\nif [ $? != 0 ] ; then\n    # print error to STDERR\n    echo \"error: The sandbox is not in sync with the Podfile.lock. Run 'pod install' or update your CocoaPods installation.\" >&2\n    exit 1\nfi\n# This output is used by Xcode 'outputs' to avoid re-running this script phase.\necho \"SUCCESS\" > \"${SCRIPT_OUTPUT_FILE_0}\"\n";
			showEnvVarsInLog = 0;
		};
/* End PBXShellScriptBuildPhase section */

/* Begin PBXSourcesBuildPhase section */
		3FC1F7152877CA7E0062D27C /* Sources */ = {
			isa = PBXSourcesBuildPhase;
			buildActionMask = 2147483647;
			files = (
				3FC1F74D2877CC270062D27C /* LoginViewController.swift in Sources */,
				3FC1F7512878585E0062D27C /* CameraViewController.swift in Sources */,
				3FC1F71D2877CA7E0062D27C /* AppDelegate.swift in Sources */,
				3FC1F74F2877CC380062D27C /* FeedViewController.swift in Sources */,
				3FC1F71F2877CA7E0062D27C /* SceneDelegate.swift in Sources */,
				3FC1F755287861110062D27C /* PostCell.swift in Sources */,
				3FC1F75728787C0D0062D27C /* CommentCell.swift in Sources */,
			);
			runOnlyForDeploymentPostprocessing = 0;
		};
		3FC1F72B2877CA800062D27C /* Sources */ = {
			isa = PBXSourcesBuildPhase;
			buildActionMask = 2147483647;
			files = (
				3FC1F7342877CA800062D27C /* InstagramTests.swift in Sources */,
			);
			runOnlyForDeploymentPostprocessing = 0;
		};
		3FC1F7352877CA800062D27C /* Sources */ = {
			isa = PBXSourcesBuildPhase;
			buildActionMask = 2147483647;
			files = (
				3FC1F73E2877CA800062D27C /* InstagramUITests.swift in Sources */,
				3FC1F7402877CA800062D27C /* InstagramUITestsLaunchTests.swift in Sources */,
			);
			runOnlyForDeploymentPostprocessing = 0;
		};
/* End PBXSourcesBuildPhase section */

/* Begin PBXTargetDependency section */
		3FC1F7312877CA800062D27C /* PBXTargetDependency */ = {
			isa = PBXTargetDependency;
			target = 3FC1F7182877CA7E0062D27C /* Instagram */;
			targetProxy = 3FC1F7302877CA800062D27C /* PBXContainerItemProxy */;
		};
		3FC1F73B2877CA800062D27C /* PBXTargetDependency */ = {
			isa = PBXTargetDependency;
			target = 3FC1F7182877CA7E0062D27C /* Instagram */;
			targetProxy = 3FC1F73A2877CA800062D27C /* PBXContainerItemProxy */;
		};
/* End PBXTargetDependency section */

/* Begin PBXVariantGroup section */
		3FC1F7222877CA7E0062D27C /* Main.storyboard */ = {
			isa = PBXVariantGroup;
			children = (
				3FC1F7232877CA7E0062D27C /* Base */,
			);
			name = Main.storyboard;
			sourceTree = "<group>";
		};
		3FC1F7272877CA800062D27C /* LaunchScreen.storyboard */ = {
			isa = PBXVariantGroup;
			children = (
				3FC1F7282877CA800062D27C /* Base */,
			);
			name = LaunchScreen.storyboard;
			sourceTree = "<group>";
		};
/* End PBXVariantGroup section */

/* Begin XCBuildConfiguration section */
		3FC1F7412877CA800062D27C /* Debug */ = {
			isa = XCBuildConfiguration;
			buildSettings = {
				ALWAYS_SEARCH_USER_PATHS = NO;
				CLANG_ANALYZER_NONNULL = YES;
				CLANG_ANALYZER_NUMBER_OBJECT_CONVERSION = YES_AGGRESSIVE;
				CLANG_CXX_LANGUAGE_STANDARD = "gnu++17";
				CLANG_CXX_LIBRARY = "libc++";
				CLANG_ENABLE_MODULES = YES;
				CLANG_ENABLE_OBJC_ARC = YES;
				CLANG_ENABLE_OBJC_WEAK = YES;
				CLANG_WARN_BLOCK_CAPTURE_AUTORELEASING = YES;
				CLANG_WARN_BOOL_CONVERSION = YES;
				CLANG_WARN_COMMA = YES;
				CLANG_WARN_CONSTANT_CONVERSION = YES;
				CLANG_WARN_DEPRECATED_OBJC_IMPLEMENTATIONS = YES;
				CLANG_WARN_DIRECT_OBJC_ISA_USAGE = YES_ERROR;
				CLANG_WARN_DOCUMENTATION_COMMENTS = YES;
				CLANG_WARN_EMPTY_BODY = YES;
				CLANG_WARN_ENUM_CONVERSION = YES;
				CLANG_WARN_INFINITE_RECURSION = YES;
				CLANG_WARN_INT_CONVERSION = YES;
				CLANG_WARN_NON_LITERAL_NULL_CONVERSION = YES;
				CLANG_WARN_OBJC_IMPLICIT_RETAIN_SELF = YES;
				CLANG_WARN_OBJC_LITERAL_CONVERSION = YES;
				CLANG_WARN_OBJC_ROOT_CLASS = YES_ERROR;
				CLANG_WARN_QUOTED_INCLUDE_IN_FRAMEWORK_HEADER = YES;
				CLANG_WARN_RANGE_LOOP_ANALYSIS = YES;
				CLANG_WARN_STRICT_PROTOTYPES = YES;
				CLANG_WARN_SUSPICIOUS_MOVE = YES;
				CLANG_WARN_UNGUARDED_AVAILABILITY = YES_AGGRESSIVE;
				CLANG_WARN_UNREACHABLE_CODE = YES;
				CLANG_WARN__DUPLICATE_METHOD_MATCH = YES;
				COPY_PHASE_STRIP = NO;
				DEBUG_INFORMATION_FORMAT = dwarf;
				ENABLE_STRICT_OBJC_MSGSEND = YES;
				ENABLE_TESTABILITY = YES;
				GCC_C_LANGUAGE_STANDARD = gnu11;
				GCC_DYNAMIC_NO_PIC = NO;
				GCC_NO_COMMON_BLOCKS = YES;
				GCC_OPTIMIZATION_LEVEL = 0;
				GCC_PREPROCESSOR_DEFINITIONS = (
					"DEBUG=1",
					"$(inherited)",
				);
				GCC_WARN_64_TO_32_BIT_CONVERSION = YES;
				GCC_WARN_ABOUT_RETURN_TYPE = YES_ERROR;
				GCC_WARN_UNDECLARED_SELECTOR = YES;
				GCC_WARN_UNINITIALIZED_AUTOS = YES_AGGRESSIVE;
				GCC_WARN_UNUSED_FUNCTION = YES;
				GCC_WARN_UNUSED_VARIABLE = YES;
				IPHONEOS_DEPLOYMENT_TARGET = 15.2;
				MTL_ENABLE_DEBUG_INFO = INCLUDE_SOURCE;
				MTL_FAST_MATH = YES;
				ONLY_ACTIVE_ARCH = YES;
				SDKROOT = iphoneos;
				SWIFT_ACTIVE_COMPILATION_CONDITIONS = DEBUG;
				SWIFT_OPTIMIZATION_LEVEL = "-Onone";
			};
			name = Debug;
		};
		3FC1F7422877CA800062D27C /* Release */ = {
			isa = XCBuildConfiguration;
			buildSettings = {
				ALWAYS_SEARCH_USER_PATHS = NO;
				CLANG_ANALYZER_NONNULL = YES;
				CLANG_ANALYZER_NUMBER_OBJECT_CONVERSION = YES_AGGRESSIVE;
				CLANG_CXX_LANGUAGE_STANDARD = "gnu++17";
				CLANG_CXX_LIBRARY = "libc++";
				CLANG_ENABLE_MODULES = YES;
				CLANG_ENABLE_OBJC_ARC = YES;
				CLANG_ENABLE_OBJC_WEAK = YES;
				CLANG_WARN_BLOCK_CAPTURE_AUTORELEASING = YES;
				CLANG_WARN_BOOL_CONVERSION = YES;
				CLANG_WARN_COMMA = YES;
				CLANG_WARN_CONSTANT_CONVERSION = YES;
				CLANG_WARN_DEPRECATED_OBJC_IMPLEMENTATIONS = YES;
				CLANG_WARN_DIRECT_OBJC_ISA_USAGE = YES_ERROR;
				CLANG_WARN_DOCUMENTATION_COMMENTS = YES;
				CLANG_WARN_EMPTY_BODY = YES;
				CLANG_WARN_ENUM_CONVERSION = YES;
				CLANG_WARN_INFINITE_RECURSION = YES;
				CLANG_WARN_INT_CONVERSION = YES;
				CLANG_WARN_NON_LITERAL_NULL_CONVERSION = YES;
				CLANG_WARN_OBJC_IMPLICIT_RETAIN_SELF = YES;
				CLANG_WARN_OBJC_LITERAL_CONVERSION = YES;
				CLANG_WARN_OBJC_ROOT_CLASS = YES_ERROR;
				CLANG_WARN_QUOTED_INCLUDE_IN_FRAMEWORK_HEADER = YES;
				CLANG_WARN_RANGE_LOOP_ANALYSIS = YES;
				CLANG_WARN_STRICT_PROTOTYPES = YES;
				CLANG_WARN_SUSPICIOUS_MOVE = YES;
				CLANG_WARN_UNGUARDED_AVAILABILITY = YES_AGGRESSIVE;
				CLANG_WARN_UNREACHABLE_CODE = YES;
				CLANG_WARN__DUPLICATE_METHOD_MATCH = YES;
				COPY_PHASE_STRIP = NO;
				DEBUG_INFORMATION_FORMAT = "dwarf-with-dsym";
				ENABLE_NS_ASSERTIONS = NO;
				ENABLE_STRICT_OBJC_MSGSEND = YES;
				GCC_C_LANGUAGE_STANDARD = gnu11;
				GCC_NO_COMMON_BLOCKS = YES;
				GCC_WARN_64_TO_32_BIT_CONVERSION = YES;
				GCC_WARN_ABOUT_RETURN_TYPE = YES_ERROR;
				GCC_WARN_UNDECLARED_SELECTOR = YES;
				GCC_WARN_UNINITIALIZED_AUTOS = YES_AGGRESSIVE;
				GCC_WARN_UNUSED_FUNCTION = YES;
				GCC_WARN_UNUSED_VARIABLE = YES;
				IPHONEOS_DEPLOYMENT_TARGET = 15.2;
				MTL_ENABLE_DEBUG_INFO = NO;
				MTL_FAST_MATH = YES;
				SDKROOT = iphoneos;
				SWIFT_COMPILATION_MODE = wholemodule;
				SWIFT_OPTIMIZATION_LEVEL = "-O";
				VALIDATE_PRODUCT = YES;
			};
			name = Release;
		};
		3FC1F7442877CA800062D27C /* Debug */ = {
			isa = XCBuildConfiguration;
			baseConfigurationReference = 270FCCA9A52829126E4A8324 /* Pods-Instagram.debug.xcconfig */;
			buildSettings = {
				ASSETCATALOG_COMPILER_APPICON_NAME = AppIcon;
				ASSETCATALOG_COMPILER_GLOBAL_ACCENT_COLOR_NAME = AccentColor;
				CODE_SIGN_STYLE = Automatic;
				CURRENT_PROJECT_VERSION = 1;
				GENERATE_INFOPLIST_FILE = YES;
				INFOPLIST_FILE = Instagram/Info.plist;
				INFOPLIST_KEY_UIApplicationSupportsIndirectInputEvents = YES;
				INFOPLIST_KEY_UILaunchStoryboardName = LaunchScreen;
				INFOPLIST_KEY_UIMainStoryboardFile = Main;
				INFOPLIST_KEY_UISupportedInterfaceOrientations_iPad = "UIInterfaceOrientationPortrait UIInterfaceOrientationPortraitUpsideDown UIInterfaceOrientationLandscapeLeft UIInterfaceOrientationLandscapeRight";
				INFOPLIST_KEY_UISupportedInterfaceOrientations_iPhone = "UIInterfaceOrientationPortrait UIInterfaceOrientationLandscapeLeft UIInterfaceOrientationLandscapeRight";
				LD_RUNPATH_SEARCH_PATHS = (
					"$(inherited)",
					"@executable_path/Frameworks",
				);
				MARKETING_VERSION = 1.0;
				PRODUCT_BUNDLE_IDENTIFIER = com.codepath.Instagram;
				PRODUCT_NAME = "$(TARGET_NAME)";
				SWIFT_EMIT_LOC_STRINGS = YES;
				SWIFT_VERSION = 5.0;
				TARGETED_DEVICE_FAMILY = "1,2";
			};
			name = Debug;
		};
		3FC1F7452877CA800062D27C /* Release */ = {
			isa = XCBuildConfiguration;
			baseConfigurationReference = D0E5CBD48892347FF48A58C2 /* Pods-Instagram.release.xcconfig */;
			buildSettings = {
				ASSETCATALOG_COMPILER_APPICON_NAME = AppIcon;
				ASSETCATALOG_COMPILER_GLOBAL_ACCENT_COLOR_NAME = AccentColor;
				CODE_SIGN_STYLE = Automatic;
				CURRENT_PROJECT_VERSION = 1;
				GENERATE_INFOPLIST_FILE = YES;
				INFOPLIST_FILE = Instagram/Info.plist;
				INFOPLIST_KEY_UIApplicationSupportsIndirectInputEvents = YES;
				INFOPLIST_KEY_UILaunchStoryboardName = LaunchScreen;
				INFOPLIST_KEY_UIMainStoryboardFile = Main;
				INFOPLIST_KEY_UISupportedInterfaceOrientations_iPad = "UIInterfaceOrientationPortrait UIInterfaceOrientationPortraitUpsideDown UIInterfaceOrientationLandscapeLeft UIInterfaceOrientationLandscapeRight";
				INFOPLIST_KEY_UISupportedInterfaceOrientations_iPhone = "UIInterfaceOrientationPortrait UIInterfaceOrientationLandscapeLeft UIInterfaceOrientationLandscapeRight";
				LD_RUNPATH_SEARCH_PATHS = (
					"$(inherited)",
					"@executable_path/Frameworks",
				);
				MARKETING_VERSION = 1.0;
				PRODUCT_BUNDLE_IDENTIFIER = com.codepath.Instagram;
				PRODUCT_NAME = "$(TARGET_NAME)";
				SWIFT_EMIT_LOC_STRINGS = YES;
				SWIFT_VERSION = 5.0;
				TARGETED_DEVICE_FAMILY = "1,2";
			};
			name = Release;
		};
		3FC1F7472877CA800062D27C /* Debug */ = {
			isa = XCBuildConfiguration;
			baseConfigurationReference = E23B3863087B8E1EDC8B7327 /* Pods-InstagramTests.debug.xcconfig */;
			buildSettings = {
				ALWAYS_EMBED_SWIFT_STANDARD_LIBRARIES = YES;
				BUNDLE_LOADER = "$(TEST_HOST)";
				CODE_SIGN_STYLE = Automatic;
				CURRENT_PROJECT_VERSION = 1;
				GENERATE_INFOPLIST_FILE = YES;
				IPHONEOS_DEPLOYMENT_TARGET = 15.2;
				MARKETING_VERSION = 1.0;
				PRODUCT_BUNDLE_IDENTIFIER = com.codepath.InstagramTests;
				PRODUCT_NAME = "$(TARGET_NAME)";
				SWIFT_EMIT_LOC_STRINGS = NO;
				SWIFT_VERSION = 5.0;
				TARGETED_DEVICE_FAMILY = "1,2";
				TEST_HOST = "$(BUILT_PRODUCTS_DIR)/Instagram.app/Instagram";
			};
			name = Debug;
		};
		3FC1F7482877CA800062D27C /* Release */ = {
			isa = XCBuildConfiguration;
			baseConfigurationReference = 9886876119ECF158C6718A73 /* Pods-InstagramTests.release.xcconfig */;
			buildSettings = {
				ALWAYS_EMBED_SWIFT_STANDARD_LIBRARIES = YES;
				BUNDLE_LOADER = "$(TEST_HOST)";
				CODE_SIGN_STYLE = Automatic;
				CURRENT_PROJECT_VERSION = 1;
				GENERATE_INFOPLIST_FILE = YES;
				IPHONEOS_DEPLOYMENT_TARGET = 15.2;
				MARKETING_VERSION = 1.0;
				PRODUCT_BUNDLE_IDENTIFIER = com.codepath.InstagramTests;
				PRODUCT_NAME = "$(TARGET_NAME)";
				SWIFT_EMIT_LOC_STRINGS = NO;
				SWIFT_VERSION = 5.0;
				TARGETED_DEVICE_FAMILY = "1,2";
				TEST_HOST = "$(BUILT_PRODUCTS_DIR)/Instagram.app/Instagram";
			};
			name = Release;
		};
		3FC1F74A2877CA800062D27C /* Debug */ = {
			isa = XCBuildConfiguration;
			baseConfigurationReference = A0DA57C1DB5AE98F1F9B08B4 /* Pods-Instagram-InstagramUITests.debug.xcconfig */;
			buildSettings = {
				ALWAYS_EMBED_SWIFT_STANDARD_LIBRARIES = YES;
				CODE_SIGN_STYLE = Automatic;
				CURRENT_PROJECT_VERSION = 1;
				GENERATE_INFOPLIST_FILE = YES;
				MARKETING_VERSION = 1.0;
				PRODUCT_BUNDLE_IDENTIFIER = com.codepath.InstagramUITests;
				PRODUCT_NAME = "$(TARGET_NAME)";
				SWIFT_EMIT_LOC_STRINGS = NO;
				SWIFT_VERSION = 5.0;
				TARGETED_DEVICE_FAMILY = "1,2";
				TEST_TARGET_NAME = Instagram;
			};
			name = Debug;
		};
		3FC1F74B2877CA800062D27C /* Release */ = {
			isa = XCBuildConfiguration;
			baseConfigurationReference = 21AC51EAF5EEE78C141E5393 /* Pods-Instagram-InstagramUITests.release.xcconfig */;
			buildSettings = {
				ALWAYS_EMBED_SWIFT_STANDARD_LIBRARIES = YES;
				CODE_SIGN_STYLE = Automatic;
				CURRENT_PROJECT_VERSION = 1;
				GENERATE_INFOPLIST_FILE = YES;
				MARKETING_VERSION = 1.0;
				PRODUCT_BUNDLE_IDENTIFIER = com.codepath.InstagramUITests;
				PRODUCT_NAME = "$(TARGET_NAME)";
				SWIFT_EMIT_LOC_STRINGS = NO;
				SWIFT_VERSION = 5.0;
				TARGETED_DEVICE_FAMILY = "1,2";
				TEST_TARGET_NAME = Instagram;
			};
			name = Release;
		};
/* End XCBuildConfiguration section */

/* Begin XCConfigurationList section */
		3FC1F7142877CA7E0062D27C /* Build configuration list for PBXProject "Instagram" */ = {
			isa = XCConfigurationList;
			buildConfigurations = (
				3FC1F7412877CA800062D27C /* Debug */,
				3FC1F7422877CA800062D27C /* Release */,
			);
			defaultConfigurationIsVisible = 0;
			defaultConfigurationName = Release;
		};
		3FC1F7432877CA800062D27C /* Build configuration list for PBXNativeTarget "Instagram" */ = {
			isa = XCConfigurationList;
			buildConfigurations = (
				3FC1F7442877CA800062D27C /* Debug */,
				3FC1F7452877CA800062D27C /* Release */,
			);
			defaultConfigurationIsVisible = 0;
			defaultConfigurationName = Release;
		};
		3FC1F7462877CA800062D27C /* Build configuration list for PBXNativeTarget "InstagramTests" */ = {
			isa = XCConfigurationList;
			buildConfigurations = (
				3FC1F7472877CA800062D27C /* Debug */,
				3FC1F7482877CA800062D27C /* Release */,
			);
			defaultConfigurationIsVisible = 0;
			defaultConfigurationName = Release;
		};
		3FC1F7492877CA800062D27C /* Build configuration list for PBXNativeTarget "InstagramUITests" */ = {
			isa = XCConfigurationList;
			buildConfigurations = (
				3FC1F74A2877CA800062D27C /* Debug */,
				3FC1F74B2877CA800062D27C /* Release */,
			);
			defaultConfigurationIsVisible = 0;
			defaultConfigurationName = Release;
		};
/* End XCConfigurationList section */
	};
	rootObject = 3FC1F7112877CA7E0062D27C /* Project object */;
}
